
Microsoft Visual Studio Solution File, Format Version 12.00
# Visual Studio 15
VisualStudioVersion = 15.0.26730.16
MinimumVisualStudioVersion = 10.0.40219.1
Project("{2150E333-8FDC-42A3-9474-1A3956D46DE8}") = "Solution Items", "Solution Items", "{767E63BF-A67F-40CC-BD1E-96DF6F8C71C5}"
	ProjectSection(SolutionItems) = preProject
		04.WebServer-AsynchronousProgramming-Exercise-ConcurrentUsers.docx = 04.WebServer-AsynchronousProgramming-Exercise-ConcurrentUsers.docx
		04.WebServer-AsynchronousProgramming-Lab.docx = 04.WebServer-AsynchronousProgramming-Lab.docx
	EndProjectSection
EndProject
Project("{FAE04EC0-301F-11D3-BF4B-00C04F79EFBC}") = "Lab01_EvenNumbersThread", "Lab01_EvenNumbersThread\Lab01_EvenNumbersThread.csproj", "{BC406602-1FBB-4FD9-A94E-7D362F0AE7BD}"
EndProject
Project("{FAE04EC0-301F-11D3-BF4B-00C04F79EFBC}") = "Lab02_SliceFile", "Lab02_SliceFile\Lab02_SliceFile.csproj", "{D949570E-EEB5-43EF-9385-858F965CC560}"
EndProject
Global
	GlobalSection(SolutionConfigurationPlatforms) = preSolution
		Debug|Any CPU = Debug|Any CPU
		Release|Any CPU = Release|Any CPU
	EndGlobalSection
	GlobalSection(ProjectConfigurationPlatforms) = postSolution
		{BC406602-1FBB-4FD9-A94E-7D362F0AE7BD}.Debug|Any CPU.ActiveCfg = Debug|Any CPU
		{BC406602-1FBB-4FD9-A94E-7D362F0AE7BD}.Debug|Any CPU.Build.0 = Debug|Any CPU
		{BC406602-1FBB-4FD9-A94E-7D362F0AE7BD}.Release|Any CPU.ActiveCfg = Release|Any CPU
		{BC406602-1FBB-4FD9-A94E-7D362F0AE7BD}.Release|Any CPU.Build.0 = Release|Any CPU
		{D949570E-EEB5-43EF-9385-858F965CC560}.Debug|Any CPU.ActiveCfg = Debug|Any CPU
		{D949570E-EEB5-43EF-9385-858F965CC560}.Debug|Any CPU.Build.0 = Debug|Any CPU
		{D949570E-EEB5-43EF-9385-858F965CC560}.Release|Any CPU.ActiveCfg = Release|Any CPU
		{D949570E-EEB5-43EF-9385-858F965CC560}.Release|Any CPU.Build.0 = Release|Any CPU
	EndGlobalSection
	GlobalSection(SolutionProperties) = preSolution
		HideSolutionNode = FALSE
	EndGlobalSection
	GlobalSection(ExtensibilityGlobals) = postSolution
		SolutionGuid = {33C4D6FF-4ED8-4C1B-80E8-F1D1A6EBC9A4}
	EndGlobalSection
EndGlobal
